// !$*UTF8*$!
{
	archiveVersion = 1;
	classes = {
	};
	objectVersion = 56;
	objects = {

/* Begin PBXBuildFile section */
		641C5E2B2B4E656F002534DA /* AppDelegate.swift in Sources */ = {isa = PBXBuildFile; fileRef = 641C5E2A2B4E656F002534DA /* AppDelegate.swift */; };
		641C5E342B4E6571002534DA /* Assets.xcassets in Resources */ = {isa = PBXBuildFile; fileRef = 641C5E332B4E6571002534DA /* Assets.xcassets */; };
		641C5E372B4E6571002534DA /* LaunchScreen.storyboard in Resources */ = {isa = PBXBuildFile; fileRef = 641C5E352B4E6571002534DA /* LaunchScreen.storyboard */; };
		641C5E3F2B4E6651002534DA /* MainViewController.swift in Sources */ = {isa = PBXBuildFile; fileRef = 641C5E3E2B4E6651002534DA /* MainViewController.swift */; };
		641C5E412B4E66B1002534DA /* MainPresenter.swift in Sources */ = {isa = PBXBuildFile; fileRef = 641C5E402B4E66B1002534DA /* MainPresenter.swift */; };
		641C5E432B4E6778002534DA /* MainBuilder.swift in Sources */ = {isa = PBXBuildFile; fileRef = 641C5E422B4E6778002534DA /* MainBuilder.swift */; };
		641C5E462B4E692D002534DA /* Stevia in Frameworks */ = {isa = PBXBuildFile; productRef = 641C5E452B4E692D002534DA /* Stevia */; };
		641C5E482B4E6E19002534DA /* DataManager.swift in Sources */ = {isa = PBXBuildFile; fileRef = 641C5E472B4E6E19002534DA /* DataManager.swift */; };
		645D03562B4E7981008E675C /* TableCell.swift in Sources */ = {isa = PBXBuildFile; fileRef = 645D03552B4E7981008E675C /* TableCell.swift */; };
		648644772B4E967700855859 /* Exercise.xcdatamodeld in Sources */ = {isa = PBXBuildFile; fileRef = 648644752B4E967700855859 /* Exercise.xcdatamodeld */; };
		64E81F662B4EDBF000C04F99 /* ToDo.gif in Resources */ = {isa = PBXBuildFile; fileRef = 64E81F652B4EDBF000C04F99 /* ToDo.gif */; };
/* End PBXBuildFile section */

/* Begin PBXFileReference section */
		641C5E272B4E656F002534DA /* DemoToDo.app */ = {isa = PBXFileReference; explicitFileType = wrapper.application; includeInIndex = 0; path = DemoToDo.app; sourceTree = BUILT_PRODUCTS_DIR; };
		641C5E2A2B4E656F002534DA /* AppDelegate.swift */ = {isa = PBXFileReference; lastKnownFileType = sourcecode.swift; path = AppDelegate.swift; sourceTree = "<group>"; };
		641C5E332B4E6571002534DA /* Assets.xcassets */ = {isa = PBXFileReference; lastKnownFileType = folder.assetcatalog; path = Assets.xcassets; sourceTree = "<group>"; };
		641C5E362B4E6571002534DA /* Base */ = {isa = PBXFileReference; lastKnownFileType = file.storyboard; name = Base; path = Base.lproj/LaunchScreen.storyboard; sourceTree = "<group>"; };
		641C5E382B4E6571002534DA /* Info.plist */ = {isa = PBXFileReference; lastKnownFileType = text.plist.xml; path = Info.plist; sourceTree = "<group>"; };
		641C5E3E2B4E6651002534DA /* MainViewController.swift */ = {isa = PBXFileReference; lastKnownFileType = sourcecode.swift; path = MainViewController.swift; sourceTree = "<group>"; };
		641C5E402B4E66B1002534DA /* MainPresenter.swift */ = {isa = PBXFileReference; lastKnownFileType = sourcecode.swift; path = MainPresenter.swift; sourceTree = "<group>"; };
		641C5E422B4E6778002534DA /* MainBuilder.swift */ = {isa = PBXFileReference; lastKnownFileType = sourcecode.swift; path = MainBuilder.swift; sourceTree = "<group>"; };
		641C5E472B4E6E19002534DA /* DataManager.swift */ = {isa = PBXFileReference; lastKnownFileType = sourcecode.swift; path = DataManager.swift; sourceTree = "<group>"; };
		645D03552B4E7981008E675C /* TableCell.swift */ = {isa = PBXFileReference; lastKnownFileType = sourcecode.swift; path = TableCell.swift; sourceTree = "<group>"; };
		648644762B4E967700855859 /* Exercise.xcdatamodel */ = {isa = PBXFileReference; lastKnownFileType = wrapper.xcdatamodel; path = Exercise.xcdatamodel; sourceTree = "<group>"; };
		64E81F652B4EDBF000C04F99 /* ToDo.gif */ = {isa = PBXFileReference; lastKnownFileType = image.gif; path = ToDo.gif; sourceTree = "<group>"; };
/* End PBXFileReference section */

/* Begin PBXFrameworksBuildPhase section */
		641C5E242B4E656F002534DA /* Frameworks */ = {
			isa = PBXFrameworksBuildPhase;
			buildActionMask = 2147483647;
			files = (
				641C5E462B4E692D002534DA /* Stevia in Frameworks */,
			);
			runOnlyForDeploymentPostprocessing = 0;
		};
/* End PBXFrameworksBuildPhase section */

/* Begin PBXGroup section */
		641C5E1E2B4E656F002534DA = {
			isa = PBXGroup;
			children = (
				641C5E292B4E656F002534DA /* DemoToDo */,
				641C5E282B4E656F002534DA /* Products */,
			);
			sourceTree = "<group>";
		};
		641C5E282B4E656F002534DA /* Products */ = {
			isa = PBXGroup;
			children = (
				641C5E272B4E656F002534DA /* DemoToDo.app */,
			);
			name = Products;
			sourceTree = "<group>";
		};
		641C5E292B4E656F002534DA /* DemoToDo */ = {
			isa = PBXGroup;
			children = (
				641C5E2A2B4E656F002534DA /* AppDelegate.swift */,
				641C5E3E2B4E6651002534DA /* MainViewController.swift */,
				641C5E402B4E66B1002534DA /* MainPresenter.swift */,
				641C5E422B4E6778002534DA /* MainBuilder.swift */,
				641C5E472B4E6E19002534DA /* DataManager.swift */,
				645D03552B4E7981008E675C /* TableCell.swift */,
				64E81F652B4EDBF000C04F99 /* ToDo.gif */,
				648644752B4E967700855859 /* Exercise.xcdatamodeld */,
				641C5E332B4E6571002534DA /* Assets.xcassets */,
				641C5E352B4E6571002534DA /* LaunchScreen.storyboard */,
				641C5E382B4E6571002534DA /* Info.plist */,
			);
			path = DemoToDo;
			sourceTree = "<group>";
		};
/* End PBXGroup section */

/* Begin PBXNativeTarget section */
		641C5E262B4E656F002534DA /* DemoToDo */ = {
			isa = PBXNativeTarget;
			buildConfigurationList = 641C5E3B2B4E6571002534DA /* Build configuration list for PBXNativeTarget "DemoToDo" */;
			buildPhases = (
				641C5E232B4E656F002534DA /* Sources */,
				641C5E242B4E656F002534DA /* Frameworks */,
				641C5E252B4E656F002534DA /* Resources */,
			);
			buildRules = (
			);
			dependencies = (
			);
			name = DemoToDo;
			packageProductDependencies = (
				641C5E452B4E692D002534DA /* Stevia */,
			);
			productName = DemoToDo;
			productReference = 641C5E272B4E656F002534DA /* DemoToDo.app */;
			productType = "com.apple.product-type.application";
		};
/* End PBXNativeTarget section */

/* Begin PBXProject section */
		641C5E1F2B4E656F002534DA /* Project object */ = {
			isa = PBXProject;
			attributes = {
				BuildIndependentTargetsInParallel = 1;
				LastSwiftUpdateCheck = 1430;
				LastUpgradeCheck = 1430;
				TargetAttributes = {
					641C5E262B4E656F002534DA = {
						CreatedOnToolsVersion = 14.3.1;
					};
				};
			};
			buildConfigurationList = 641C5E222B4E656F002534DA /* Build configuration list for PBXProject "DemoToDo" */;
			compatibilityVersion = "Xcode 14.0";
			developmentRegion = en;
			hasScannedForEncodings = 0;
			knownRegions = (
				en,
				Base,
			);
			mainGroup = 641C5E1E2B4E656F002534DA;
			packageReferences = (
				641C5E442B4E692D002534DA /* XCRemoteSwiftPackageReference "Stevia" */,
			);
			productRefGroup = 641C5E282B4E656F002534DA /* Products */;
			projectDirPath = "";
			projectRoot = "";
			targets = (
				641C5E262B4E656F002534DA /* DemoToDo */,
			);
		};
/* End PBXProject section */

/* Begin PBXResourcesBuildPhase section */
		641C5E252B4E656F002534DA /* Resources */ = {
			isa = PBXResourcesBuildPhase;
			buildActionMask = 2147483647;
			files = (
				641C5E372B4E6571002534DA /* LaunchScreen.storyboard in Resources */,
				641C5E342B4E6571002534DA /* Assets.xcassets in Resources */,
				64E81F662B4EDBF000C04F99 /* ToDo.gif in Resources */,
			);
			runOnlyForDeploymentPostprocessing = 0;
		};
/* End PBXResourcesBuildPhase section */

/* Begin PBXSourcesBuildPhase section */
		641C5E232B4E656F002534DA /* Sources */ = {
			isa = PBXSourcesBuildPhase;
			buildActionMask = 2147483647;
			files = (
				648644772B4E967700855859 /* Exercise.xcdatamodeld in Sources */,
				641C5E432B4E6778002534DA /* MainBuilder.swift in Sources */,
				641C5E482B4E6E19002534DA /* DataManager.swift in Sources */,
				645D03562B4E7981008E675C /* TableCell.swift in Sources */,
				641C5E412B4E66B1002534DA /* MainPresenter.swift in Sources */,
				641C5E2B2B4E656F002534DA /* AppDelegate.swift in Sources */,
				641C5E3F2B4E6651002534DA /* MainViewController.swift in Sources */,
			);
			runOnlyForDeploymentPostprocessing = 0;
		};
/* End PBXSourcesBuildPhase section */

/* Begin PBXVariantGroup section */
		641C5E352B4E6571002534DA /* LaunchScreen.storyboard */ = {
			isa = PBXVariantGroup;
			children = (
				641C5E362B4E6571002534DA /* Base */,
			);
			name = LaunchScreen.storyboard;
			sourceTree = "<group>";
		};
/* End PBXVariantGroup section */

/* Begin XCBuildConfiguration section */
		641C5E392B4E6571002534DA /* Debug */ = {
			isa = XCBuildConfiguration;
			buildSettings = {
				ALWAYS_SEARCH_USER_PATHS = NO;
				CLANG_ANALYZER_NONNULL = YES;
				CLANG_ANALYZER_NUMBER_OBJECT_CONVERSION = YES_AGGRESSIVE;
				CLANG_CXX_LANGUAGE_STANDARD = "gnu++20";
				CLANG_ENABLE_MODULES = YES;
				CLANG_ENABLE_OBJC_ARC = YES;
				CLANG_ENABLE_OBJC_WEAK = YES;
				CLANG_WARN_BLOCK_CAPTURE_AUTORELEASING = YES;
				CLANG_WARN_BOOL_CONVERSION = YES;
				CLANG_WARN_COMMA = YES;
				CLANG_WARN_CONSTANT_CONVERSION = YES;
				CLANG_WARN_DEPRECATED_OBJC_IMPLEMENTATIONS = YES;
				CLANG_WARN_DIRECT_OBJC_ISA_USAGE = YES_ERROR;
				CLANG_WARN_DOCUMENTATION_COMMENTS = YES;
				CLANG_WARN_EMPTY_BODY = YES;
				CLANG_WARN_ENUM_CONVERSION = YES;
				CLANG_WARN_INFINITE_RECURSION = YES;
				CLANG_WARN_INT_CONVERSION = YES;
				CLANG_WARN_NON_LITERAL_NULL_CONVERSION = YES;
				CLANG_WARN_OBJC_IMPLICIT_RETAIN_SELF = YES;
				CLANG_WARN_OBJC_LITERAL_CONVERSION = YES;
				CLANG_WARN_OBJC_ROOT_CLASS = YES_ERROR;
				CLANG_WARN_QUOTED_INCLUDE_IN_FRAMEWORK_HEADER = YES;
				CLANG_WARN_RANGE_LOOP_ANALYSIS = YES;
				CLANG_WARN_STRICT_PROTOTYPES = YES;
				CLANG_WARN_SUSPICIOUS_MOVE = YES;
				CLANG_WARN_UNGUARDED_AVAILABILITY = YES_AGGRESSIVE;
				CLANG_WARN_UNREACHABLE_CODE = YES;
				CLANG_WARN__DUPLICATE_METHOD_MATCH = YES;
				COPY_PHASE_STRIP = NO;
				DEBUG_INFORMATION_FORMAT = dwarf;
				ENABLE_STRICT_OBJC_MSGSEND = YES;
				ENABLE_TESTABILITY = YES;
				GCC_C_LANGUAGE_STANDARD = gnu11;
				GCC_DYNAMIC_NO_PIC = NO;
				GCC_NO_COMMON_BLOCKS = YES;
				GCC_OPTIMIZATION_LEVEL = 0;
				GCC_PREPROCESSOR_DEFINITIONS = (
					"DEBUG=1",
					"$(inherited)",
				);
				GCC_WARN_64_TO_32_BIT_CONVERSION = YES;
				GCC_WARN_ABOUT_RETURN_TYPE = YES_ERROR;
				GCC_WARN_UNDECLARED_SELECTOR = YES;
				GCC_WARN_UNINITIALIZED_AUTOS = YES_AGGRESSIVE;
				GCC_WARN_UNUSED_FUNCTION = YES;
				GCC_WARN_UNUSED_VARIABLE = YES;
				IPHONEOS_DEPLOYMENT_TARGET = 16.4;
				MTL_ENABLE_DEBUG_INFO = INCLUDE_SOURCE;
				MTL_FAST_MATH = YES;
				ONLY_ACTIVE_ARCH = YES;
				SDKROOT = iphoneos;
				SWIFT_ACTIVE_COMPILATION_CONDITIONS = DEBUG;
				SWIFT_OPTIMIZATION_LEVEL = "-Onone";
			};
			name = Debug;
		};
		641C5E3A2B4E6571002534DA /* Release */ = {
			isa = XCBuildConfiguration;
			buildSettings = {
				ALWAYS_SEARCH_USER_PATHS = NO;
				CLANG_ANALYZER_NONNULL = YES;
				CLANG_ANALYZER_NUMBER_OBJECT_CONVERSION = YES_AGGRESSIVE;
				CLANG_CXX_LANGUAGE_STANDARD = "gnu++20";
				CLANG_ENABLE_MODULES = YES;
				CLANG_ENABLE_OBJC_ARC = YES;
				CLANG_ENABLE_OBJC_WEAK = YES;
				CLANG_WARN_BLOCK_CAPTURE_AUTORELEASING = YES;
				CLANG_WARN_BOOL_CONVERSION = YES;
				CLANG_WARN_COMMA = YES;
				CLANG_WARN_CONSTANT_CONVERSION = YES;
				CLANG_WARN_DEPRECATED_OBJC_IMPLEMENTATIONS = YES;
				CLANG_WARN_DIRECT_OBJC_ISA_USAGE = YES_ERROR;
				CLANG_WARN_DOCUMENTATION_COMMENTS = YES;
				CLANG_WARN_EMPTY_BODY = YES;
				CLANG_WARN_ENUM_CONVERSION = YES;
				CLANG_WARN_INFINITE_RECURSION = YES;
				CLANG_WARN_INT_CONVERSION = YES;
				CLANG_WARN_NON_LITERAL_NULL_CONVERSION = YES;
				CLANG_WARN_OBJC_IMPLICIT_RETAIN_SELF = YES;
				CLANG_WARN_OBJC_LITERAL_CONVERSION = YES;
				CLANG_WARN_OBJC_ROOT_CLASS = YES_ERROR;
				CLANG_WARN_QUOTED_INCLUDE_IN_FRAMEWORK_HEADER = YES;
				CLANG_WARN_RANGE_LOOP_ANALYSIS = YES;
				CLANG_WARN_STRICT_PROTOTYPES = YES;
				CLANG_WARN_SUSPICIOUS_MOVE = YES;
				CLANG_WARN_UNGUARDED_AVAILABILITY = YES_AGGRESSIVE;
				CLANG_WARN_UNREACHABLE_CODE = YES;
				CLANG_WARN__DUPLICATE_METHOD_MATCH = YES;
				COPY_PHASE_STRIP = NO;
				DEBUG_INFORMATION_FORMAT = "dwarf-with-dsym";
				ENABLE_NS_ASSERTIONS = NO;
				ENABLE_STRICT_OBJC_MSGSEND = YES;
				GCC_C_LANGUAGE_STANDARD = gnu11;
				GCC_NO_COMMON_BLOCKS = YES;
				GCC_WARN_64_TO_32_BIT_CONVERSION = YES;
				GCC_WARN_ABOUT_RETURN_TYPE = YES_ERROR;
				GCC_WARN_UNDECLARED_SELECTOR = YES;
				GCC_WARN_UNINITIALIZED_AUTOS = YES_AGGRESSIVE;
				GCC_WARN_UNUSED_FUNCTION = YES;
				GCC_WARN_UNUSED_VARIABLE = YES;
				IPHONEOS_DEPLOYMENT_TARGET = 16.4;
				MTL_ENABLE_DEBUG_INFO = NO;
				MTL_FAST_MATH = YES;
				SDKROOT = iphoneos;
				SWIFT_COMPILATION_MODE = wholemodule;
				SWIFT_OPTIMIZATION_LEVEL = "-O";
				VALIDATE_PRODUCT = YES;
			};
			name = Release;
		};
		641C5E3C2B4E6571002534DA /* Debug */ = {
			isa = XCBuildConfiguration;
			buildSettings = {
				ASSETCATALOG_COMPILER_APPICON_NAME = AppIcon;
				ASSETCATALOG_COMPILER_GLOBAL_ACCENT_COLOR_NAME = AccentColor;
				CODE_SIGN_STYLE = Automatic;
				CURRENT_PROJECT_VERSION = 1;
				GENERATE_INFOPLIST_FILE = YES;
				INFOPLIST_FILE = DemoToDo/Info.plist;
				INFOPLIST_KEY_UIApplicationSupportsIndirectInputEvents = YES;
				INFOPLIST_KEY_UILaunchStoryboardName = LaunchScreen;
				INFOPLIST_KEY_UISupportedInterfaceOrientations_iPad = "UIInterfaceOrientationPortrait UIInterfaceOrientationPortraitUpsideDown UIInterfaceOrientationLandscapeLeft UIInterfaceOrientationLandscapeRight";
				INFOPLIST_KEY_UISupportedInterfaceOrientations_iPhone = "UIInterfaceOrientationPortrait UIInterfaceOrientationLandscapeLeft UIInterfaceOrientationLandscapeRight";
				LD_RUNPATH_SEARCH_PATHS = (
					"$(inherited)",
					"@executable_path/Frameworks",
				);
				MARKETING_VERSION = 1.0;
				PRODUCT_BUNDLE_IDENTIFIER = com.aziz.DemoToDo;
				PRODUCT_NAME = "$(TARGET_NAME)";
				SWIFT_EMIT_LOC_STRINGS = YES;
				SWIFT_VERSION = 5.0;
				TARGETED_DEVICE_FAMILY = "1,2";
			};
			name = Debug;
		};
		641C5E3D2B4E6571002534DA /* Release */ = {
			isa = XCBuildConfiguration;
			buildSettings = {
				ASSETCATALOG_COMPILER_APPICON_NAME = AppIcon;
				ASSETCATALOG_COMPILER_GLOBAL_ACCENT_COLOR_NAME = AccentColor;
				CODE_SIGN_STYLE = Automatic;
				CURRENT_PROJECT_VERSION = 1;
				GENERATE_INFOPLIST_FILE = YES;
				INFOPLIST_FILE = DemoToDo/Info.plist;
				INFOPLIST_KEY_UIApplicationSupportsIndirectInputEvents = YES;
				INFOPLIST_KEY_UILaunchStoryboardName = LaunchScreen;
				INFOPLIST_KEY_UISupportedInterfaceOrientations_iPad = "UIInterfaceOrientationPortrait UIInterfaceOrientationPortraitUpsideDown UIInterfaceOrientationLandscapeLeft UIInterfaceOrientationLandscapeRight";
				INFOPLIST_KEY_UISupportedInterfaceOrientations_iPhone = "UIInterfaceOrientationPortrait UIInterfaceOrientationLandscapeLeft UIInterfaceOrientationLandscapeRight";
				LD_RUNPATH_SEARCH_PATHS = (
					"$(inherited)",
					"@executable_path/Frameworks",
				);
				MARKETING_VERSION = 1.0;
				PRODUCT_BUNDLE_IDENTIFIER = com.aziz.DemoToDo;
				PRODUCT_NAME = "$(TARGET_NAME)";
				SWIFT_EMIT_LOC_STRINGS = YES;
				SWIFT_VERSION = 5.0;
				TARGETED_DEVICE_FAMILY = "1,2";
			};
			name = Release;
		};
/* End XCBuildConfiguration section */

/* Begin XCConfigurationList section */
		641C5E222B4E656F002534DA /* Build configuration list for PBXProject "DemoToDo" */ = {
			isa = XCConfigurationList;
			buildConfigurations = (
				641C5E392B4E6571002534DA /* Debug */,
				641C5E3A2B4E6571002534DA /* Release */,
			);
			defaultConfigurationIsVisible = 0;
			defaultConfigurationName = Release;
		};
		641C5E3B2B4E6571002534DA /* Build configuration list for PBXNativeTarget "DemoToDo" */ = {
			isa = XCConfigurationList;
			buildConfigurations = (
				641C5E3C2B4E6571002534DA /* Debug */,
				641C5E3D2B4E6571002534DA /* Release */,
			);
			defaultConfigurationIsVisible = 0;
			defaultConfigurationName = Release;
		};
/* End XCConfigurationList section */

/* Begin XCRemoteSwiftPackageReference section */
		641C5E442B4E692D002534DA /* XCRemoteSwiftPackageReference "Stevia" */ = {
			isa = XCRemoteSwiftPackageReference;
			repositoryURL = "https://github.com/freshOS/Stevia";
			requirement = {
				kind = upToNextMajorVersion;
				minimumVersion = 5.0.0;
			};
		};
/* End XCRemoteSwiftPackageReference section */

/* Begin XCSwiftPackageProductDependency section */
		641C5E452B4E692D002534DA /* Stevia */ = {
			isa = XCSwiftPackageProductDependency;
			package = 641C5E442B4E692D002534DA /* XCRemoteSwiftPackageReference "Stevia" */;
			productName = Stevia;
		};
/* End XCSwiftPackageProductDependency section */

/* Begin XCVersionGroup section */
		648644752B4E967700855859 /* Exercise.xcdatamodeld */ = {
			isa = XCVersionGroup;
			children = (
				648644762B4E967700855859 /* Exercise.xcdatamodel */,
			);
			currentVersion = 648644762B4E967700855859 /* Exercise.xcdatamodel */;
			path = Exercise.xcdatamodeld;
			sourceTree = "<group>";
			versionGroupType = wrapper.xcdatamodel;
		};
/* End XCVersionGroup section */
	};
	rootObject = 641C5E1F2B4E656F002534DA /* Project object */;
}
